{
  "name": "queen-mandeok",
  "version": "1.0.0",
  "lockfileVersion": 2,
  "requires": true,
  "packages": {
    "": {
      "name": "queen-mandeok",
      "dependencies": {
        "lucide": "1.47.0",
        "swiper": "14.2.0"
      }
    },
    "node_modules/lucide": {
      "version": "1.47.0",
      "resolved": "https://registry.npmjs.org/lucide/-/lucide-1.47.0.tgz",
      "integrity": "sha512-gJoVJM5fvpBDGZTvhpJS9IEurz85HbD+wgOlCkXCIw35tHrqTxSdIYUN9sXvs7Aw3NCl67A+nlotNyoU4u7zOQ=="
    },
    "node_modules/swiper": {
      "version": "14.2.0",
      "resolved": "https://registry.npmjs.org/swiper/-/swiper-14.2.0.tgz",
      "integrity": "sha512-GsL4M9Fq7Sg22OyL3SjdNj/0bxTfIxPJJHHW394Li0u5vYtExi0a09iBUc8CuLafJi5pAlH2AHUe1PocxHl45g==",
      "funding": [
        {
          "type": "custom",
          "url": "https://sponsors.nolimits4web.com"
        },
        {
          "type": "github",
          "url": "https://github.com/sponsors/nolimits4web"
        }
      ],
      "engines": {
        "node": ">= 4.7.0"
      }
    }
  },
  "dependencies": {
    "lucide": {
      "version": "1.47.0",
      "resolved": "https://registry.npmjs.org/lucide/-/lucide-1.47.0.tgz",
      "integrity": "sha512-gJoVJM5fvpBDGZTvhpJS9IEurz85HbD+wgOlCkXCIw35tHrqTxSdIYUN9sXvs7Aw3NCl67A+nlotNyoU4u7zOQ=="
    },
    "swiper": {
      "version": "14.2.0",
      "resolved": "https://registry.npmjs.org/swiper/-/swiper-14.2.0.tgz",
      "integrity": "sha512-GsL4M9Fq7Sg22OyL3SjdNj/0bxTfIxPJJHHW394Li0u5vYtExi0a09iBUc8CuLafJi5pAlH2AHUe1PocxHl45g=="
    }
  }
}
